<?xml version="1.0" encoding="utf-8"?>
<Project ToolsVersion="4.0" xmlns="http://schemas.microsoft.com/developer/msbuild/2003">
  <ItemGroup>
    <Filter Include="Source Files">
      <UniqueIdentifier>{77368c28-55f9-4f7a-bf81-13ce571b977e}</UniqueIdentifier>
      <Extensions>cpp;c;cxx;rc;def;r;odl;idl;hpj;bat</Extensions>
    </Filter>
    <Filter Include="Header Files">
      <UniqueIdentifier>{5c5a1138-c0d6-4443-a3aa-795d5937ef4c}</UniqueIdentifier>
      <Extensions>h;hpp;hxx;hm;inl</Extensions>
    </Filter>
    <Filter Include="Resource Files">
      <UniqueIdentifier>{2eb8b777-fa62-4838-8590-82f9ec022fd4}</UniqueIdentifier>
      <Extensions>ico;cur;bmp;dlg;rc2;rct;bin;rgs;gif;jpg;jpeg;jpe</Extensions>
    </Filter>
    <Filter Include="Library Files">
      <UniqueIdentifier>{8811c091-390c-4cf6-8de7-ef6094830279}</UniqueIdentifier>
    </Filter>
  </ItemGroup>
  <ItemGroup>
    <ClCompile Include="builtins.cpp">
      <Filter>Source Files</Filter>
    </ClCompile>
    <ClCompile Include="console.cpp">
      <Filter>Source Files</Filter>
    </ClCompile>
    <ClCompile Include="epa.cpp">
      <Filter>Source Files</Filter>
    </ClCompile>
    <ClCompile Include="sysbios.cpp">
      <Filter>Source Files</Filter>
    </ClCompile>
    <ClCompile Include="sysbios_chipset.cpp">
      <Filter>Source Files</Filter>
    </ClCompile>
    <ClCompile Include="sysbios_drive.cpp">
      <Filter>Source Files</Filter>
    </ClCompile>
    <ClCompile Include="sysbios_irqrouting.cpp">
      <Filter>Source Files</Filter>
    </ClCompile>
    <ClCompile Include="sysbios_main.cpp">
      <Filter>Source Files</Filter>
    </ClCompile>
    <ClCompile Include="sysbios_menu.cpp">
      <Filter>Source Files</Filter>
    </ClCompile>
    <ClCompile Include="sysbios_options.cpp">
      <Filter>Source Files</Filter>
    </ClCompile>
    <ClCompile Include="sysbios_timing.cpp">
      <Filter>Source Files</Filter>
    </ClCompile>
  </ItemGroup>
  <ItemGroup>
    <ClInclude Include="builtins.h">
      <Filter>Header Files</Filter>
    </ClInclude>
    <ClInclude Include="console.h">
      <Filter>Header Files</Filter>
    </ClInclude>
    <ClInclude Include="epa.h">
      <Filter>Header Files</Filter>
    </ClInclude>
    <ClInclude Include="modbin.h">
      <Filter>Header Files</Filter>
    </ClInclude>
    <ClInclude Include="sysbios.h">
      <Filter>Header Files</Filter>
    </ClInclude>
    <ClInclude Include="sysbios_chipset.h">
      <Filter>Header Files</Filter>
    </ClInclude>
    <ClInclude Include="sysbios_drive.h">
      <Filter>Header Files</Filter>
    </ClInclude>
    <ClInclude Include="sysbios_irqrouting.h">
      <Filter>Header Files</Filter>
    </ClInclude>
    <ClInclude Include="sysbios_main.h">
      <Filter>Header Files</Filter>
    </ClInclude>
    <ClInclude Include="sysbios_menu.h">
      <Filter>Header Files</Filter>
    </ClInclude>
    <ClInclude Include="sysbios_options.h">
      <Filter>Header Files</Filter>
    </ClInclude>
    <ClInclude Include="sysbios_timing.h">
      <Filter>Header Files</Filter>
    </ClInclude>
    <ClInclude Include="types.h">
      <Filter>Header Files</Filter>
    </ClInclude>
  </ItemGroup>
  <ItemGroup>
    <ResourceCompile Include="builtins.rc">
      <Filter>Resource Files</Filter>
    </ResourceCompile>
  </ItemGroup>
</Project>